
Microsoft Visual Studio Solution File, Format Version 12.00
# Visual Studio Version 16
VisualStudioVersion = 16.0.29326.143
MinimumVisualStudioVersion = 10.0.40219.1
Project("{FAE04EC0-301F-11D3-BF4B-00C04F79EFBC}") = "BookiDesktop.Client", "BookiDesktop\BookiDesktop.Client.csproj", "{C216F70A-02D6-4A1E-B3F1-C4FA5FE40177}"
EndProject
Global
	GlobalSection(SolutionConfigurationPlatforms) = preSolution
		Debug|Any CPU = Debug|Any CPU
		Release|Any CPU = Release|Any CPU
	EndGlobalSection
	GlobalSection(ProjectConfigurationPlatforms) = postSolution
		{C216F70A-02D6-4A1E-B3F1-C4FA5FE40177}.Debug|Any CPU.ActiveCfg = Debug|Any CPU
		{C216F70A-02D6-4A1E-B3F1-C4FA5FE40177}.Debug|Any CPU.Build.0 = Debug|Any CPU
		{C216F70A-02D6-4A1E-B3F1-C4FA5FE40177}.Release|Any CPU.ActiveCfg = Release|Any CPU
		{C216F70A-02D6-4A1E-B3F1-C4FA5FE40177}.Release|Any CPU.Build.0 = Release|Any CPU
	EndGlobalSection
	GlobalSection(SolutionProperties) = preSolution
		HideSolutionNode = FALSE
	EndGlobalSection
	GlobalSection(ExtensibilityGlobals) = postSolution
		SolutionGuid = {4B740029-54DC-4D2E-BD88-BCCC793D2A9C}
	EndGlobalSection
EndGlobal
